// !$*UTF8*$!
{
	archiveVersion = 1;
	classes = {
	};
	objectVersion = 46;
	objects = {

/* Begin PBXBuildFile section */
		D398309D171D49EE00891C09 /* UIKit.framework in Frameworks */ = {isa = PBXBuildFile; fileRef = D398309C171D49EE00891C09 /* UIKit.framework */; };
		D398309F171D49EE00891C09 /* Foundation.framework in Frameworks */ = {isa = PBXBuildFile; fileRef = D398309E171D49EE00891C09 /* Foundation.framework */; };
		D39830A1171D49EE00891C09 /* CoreGraphics.framework in Frameworks */ = {isa = PBXBuildFile; fileRef = D39830A0171D49EE00891C09 /* CoreGraphics.framework */; };
		D39830A7171D49EE00891C09 /* InfoPlist.strings in Resources */ = {isa = PBXBuildFile; fileRef = D39830A5171D49EE00891C09 /* InfoPlist.strings */; };
		D39830A9171D49EE00891C09 /* main.m in Sources */ = {isa = PBXBuildFile; fileRef = D39830A8171D49EE00891C09 /* main.m */; };
		D39830AD171D49EE00891C09 /* AppDelegate.m in Sources */ = {isa = PBXBuildFile; fileRef = D39830AC171D49EE00891C09 /* AppDelegate.m */; };
		D39830AF171D49EE00891C09 /* Default.png in Resources */ = {isa = PBXBuildFile; fileRef = D39830AE171D49EE00891C09 /* Default.png */; };
		D39830B1171D49EE00891C09 /* Default@2x.png in Resources */ = {isa = PBXBuildFile; fileRef = D39830B0171D49EE00891C09 /* Default@2x.png */; };
		D39830B3171D49EE00891C09 /* Default-568h@2x.png in Resources */ = {isa = PBXBuildFile; fileRef = D39830B2171D49EE00891C09 /* Default-568h@2x.png */; };
		D39830BB171D4A0A00891C09 /* RootViewController.m in Sources */ = {isa = PBXBuildFile; fileRef = D39830BA171D4A0A00891C09 /* RootViewController.m */; };
		D39830BE171D4B4F00891C09 /* MyTableViewCell.m in Sources */ = {isa = PBXBuildFile; fileRef = D39830BD171D4B4F00891C09 /* MyTableViewCell.m */; };
		D39830C1171D4C3000891C09 /* MyLabel.m in Sources */ = {isa = PBXBuildFile; fileRef = D39830C0171D4C3000891C09 /* MyLabel.m */; };
/* End PBXBuildFile section */

/* Begin PBXFileReference section */
		D3983099171D49EE00891C09 /* TestCellFitHeightAuto.app */ = {isa = PBXFileReference; explicitFileType = wrapper.application; includeInIndex = 0; path = TestCellFitHeightAuto.app; sourceTree = BUILT_PRODUCTS_DIR; };
		D398309C171D49EE00891C09 /* UIKit.framework */ = {isa = PBXFileReference; lastKnownFileType = wrapper.framework; name = UIKit.framework; path = System/Library/Frameworks/UIKit.framework; sourceTree = SDKROOT; };
		D398309E171D49EE00891C09 /* Foundation.framework */ = {isa = PBXFileReference; lastKnownFileType = wrapper.framework; name = Foundation.framework; path = System/Library/Frameworks/Foundation.framework; sourceTree = SDKROOT; };
		D39830A0171D49EE00891C09 /* CoreGraphics.framework */ = {isa = PBXFileReference; lastKnownFileType = wrapper.framework; name = CoreGraphics.framework; path = System/Library/Frameworks/CoreGraphics.framework; sourceTree = SDKROOT; };
		D39830A4171D49EE00891C09 /* TestCellFitHeightAuto-Info.plist */ = {isa = PBXFileReference; lastKnownFileType = text.plist.xml; path = "TestCellFitHeightAuto-Info.plist"; sourceTree = "<group>"; };
		D39830A6171D49EE00891C09 /* en */ = {isa = PBXFileReference; lastKnownFileType = text.plist.strings; name = en; path = en.lproj/InfoPlist.strings; sourceTree = "<group>"; };
		D39830A8171D49EE00891C09 /* main.m */ = {isa = PBXFileReference; lastKnownFileType = sourcecode.c.objc; path = main.m; sourceTree = "<group>"; };
		D39830AA171D49EE00891C09 /* TestCellFitHeightAuto-Prefix.pch */ = {isa = PBXFileReference; lastKnownFileType = sourcecode.c.h; path = "TestCellFitHeightAuto-Prefix.pch"; sourceTree = "<group>"; };
		D39830AB171D49EE00891C09 /* AppDelegate.h */ = {isa = PBXFileReference; lastKnownFileType = sourcecode.c.h; path = AppDelegate.h; sourceTree = "<group>"; };
		D39830AC171D49EE00891C09 /* AppDelegate.m */ = {isa = PBXFileReference; lastKnownFileType = sourcecode.c.objc; path = AppDelegate.m; sourceTree = "<group>"; };
		D39830AE171D49EE00891C09 /* Default.png */ = {isa = PBXFileReference; lastKnownFileType = image.png; path = Default.png; sourceTree = "<group>"; };
		D39830B0171D49EE00891C09 /* Default@2x.png */ = {isa = PBXFileReference; lastKnownFileType = image.png; path = "Default@2x.png"; sourceTree = "<group>"; };
		D39830B2171D49EE00891C09 /* Default-568h@2x.png */ = {isa = PBXFileReference; lastKnownFileType = image.png; path = "Default-568h@2x.png"; sourceTree = "<group>"; };
		D39830B9171D4A0A00891C09 /* RootViewController.h */ = {isa = PBXFileReference; fileEncoding = 4; lastKnownFileType = sourcecode.c.h; path = RootViewController.h; sourceTree = "<group>"; };
		D39830BA171D4A0A00891C09 /* RootViewController.m */ = {isa = PBXFileReference; fileEncoding = 4; lastKnownFileType = sourcecode.c.objc; path = RootViewController.m; sourceTree = "<group>"; };
		D39830BC171D4B4F00891C09 /* MyTableViewCell.h */ = {isa = PBXFileReference; fileEncoding = 4; lastKnownFileType = sourcecode.c.h; path = MyTableViewCell.h; sourceTree = "<group>"; };
		D39830BD171D4B4F00891C09 /* MyTableViewCell.m */ = {isa = PBXFileReference; fileEncoding = 4; lastKnownFileType = sourcecode.c.objc; path = MyTableViewCell.m; sourceTree = "<group>"; };
		D39830BF171D4C3000891C09 /* MyLabel.h */ = {isa = PBXFileReference; fileEncoding = 4; lastKnownFileType = sourcecode.c.h; path = MyLabel.h; sourceTree = "<group>"; };
		D39830C0171D4C3000891C09 /* MyLabel.m */ = {isa = PBXFileReference; fileEncoding = 4; lastKnownFileType = sourcecode.c.objc; path = MyLabel.m; sourceTree = "<group>"; };
/* End PBXFileReference section */

/* Begin PBXFrameworksBuildPhase section */
		D3983096171D49EE00891C09 /* Frameworks */ = {
			isa = PBXFrameworksBuildPhase;
			buildActionMask = 2147483647;
			files = (
				D398309D171D49EE00891C09 /* UIKit.framework in Frameworks */,
				D398309F171D49EE00891C09 /* Foundation.framework in Frameworks */,
				D39830A1171D49EE00891C09 /* CoreGraphics.framework in Frameworks */,
			);
			runOnlyForDeploymentPostprocessing = 0;
		};
/* End PBXFrameworksBuildPhase section */

/* Begin PBXGroup section */
		D3983090171D49EE00891C09 = {
			isa = PBXGroup;
			children = (
				D39830A2171D49EE00891C09 /* TestCellFitHeightAuto */,
				D398309B171D49EE00891C09 /* Frameworks */,
				D398309A171D49EE00891C09 /* Products */,
			);
			sourceTree = "<group>";
		};
		D398309A171D49EE00891C09 /* Products */ = {
			isa = PBXGroup;
			children = (
				D3983099171D49EE00891C09 /* TestCellFitHeightAuto.app */,
			);
			name = Products;
			sourceTree = "<group>";
		};
		D398309B171D49EE00891C09 /* Frameworks */ = {
			isa = PBXGroup;
			children = (
				D398309C171D49EE00891C09 /* UIKit.framework */,
				D398309E171D49EE00891C09 /* Foundation.framework */,
				D39830A0171D49EE00891C09 /* CoreGraphics.framework */,
			);
			name = Frameworks;
			sourceTree = "<group>";
		};
		D39830A2171D49EE00891C09 /* TestCellFitHeightAuto */ = {
			isa = PBXGroup;
			children = (
				D39830AB171D49EE00891C09 /* AppDelegate.h */,
				D39830AC171D49EE00891C09 /* AppDelegate.m */,
				D39830B9171D4A0A00891C09 /* RootViewController.h */,
				D39830BA171D4A0A00891C09 /* RootViewController.m */,
				D39830BC171D4B4F00891C09 /* MyTableViewCell.h */,
				D39830BD171D4B4F00891C09 /* MyTableViewCell.m */,
				D39830BF171D4C3000891C09 /* MyLabel.h */,
				D39830C0171D4C3000891C09 /* MyLabel.m */,
				D39830A3171D49EE00891C09 /* Supporting Files */,
			);
			path = TestCellFitHeightAuto;
			sourceTree = "<group>";
		};
		D39830A3171D49EE00891C09 /* Supporting Files */ = {
			isa = PBXGroup;
			children = (
				D39830A4171D49EE00891C09 /* TestCellFitHeightAuto-Info.plist */,
				D39830A5171D49EE00891C09 /* InfoPlist.strings */,
				D39830A8171D49EE00891C09 /* main.m */,
				D39830AA171D49EE00891C09 /* TestCellFitHeightAuto-Prefix.pch */,
				D39830AE171D49EE00891C09 /* Default.png */,
				D39830B0171D49EE00891C09 /* Default@2x.png */,
				D39830B2171D49EE00891C09 /* Default-568h@2x.png */,
			);
			name = "Supporting Files";
			sourceTree = "<group>";
		};
/* End PBXGroup section */

/* Begin PBXNativeTarget section */
		D3983098171D49EE00891C09 /* TestCellFitHeightAuto */ = {
			isa = PBXNativeTarget;
			buildConfigurationList = D39830B6171D49EE00891C09 /* Build configuration list for PBXNativeTarget "TestCellFitHeightAuto" */;
			buildPhases = (
				D3983095171D49EE00891C09 /* Sources */,
				D3983096171D49EE00891C09 /* Frameworks */,
				D3983097171D49EE00891C09 /* Resources */,
			);
			buildRules = (
			);
			dependencies = (
			);
			name = TestCellFitHeightAuto;
			productName = TestCellFitHeightAuto;
			productReference = D3983099171D49EE00891C09 /* TestCellFitHeightAuto.app */;
			productType = "com.apple.product-type.application";
		};
/* End PBXNativeTarget section */

/* Begin PBXProject section */
		D3983091171D49EE00891C09 /* Project object */ = {
			isa = PBXProject;
			attributes = {
				LastUpgradeCheck = 0460;
				ORGANIZATIONNAME = "刘璇";
			};
			buildConfigurationList = D3983094171D49EE00891C09 /* Build configuration list for PBXProject "TestCellFitHeightAuto" */;
			compatibilityVersion = "Xcode 3.2";
			developmentRegion = English;
			hasScannedForEncodings = 0;
			knownRegions = (
				en,
			);
			mainGroup = D3983090171D49EE00891C09;
			productRefGroup = D398309A171D49EE00891C09 /* Products */;
			projectDirPath = "";
			projectRoot = "";
			targets = (
				D3983098171D49EE00891C09 /* TestCellFitHeightAuto */,
			);
		};
/* End PBXProject section */

/* Begin PBXResourcesBuildPhase section */
		D3983097171D49EE00891C09 /* Resources */ = {
			isa = PBXResourcesBuildPhase;
			buildActionMask = 2147483647;
			files = (
				D39830A7171D49EE00891C09 /* InfoPlist.strings in Resources */,
				D39830AF171D49EE00891C09 /* Default.png in Resources */,
				D39830B1171D49EE00891C09 /* Default@2x.png in Resources */,
				D39830B3171D49EE00891C09 /* Default-568h@2x.png in Resources */,
			);
			runOnlyForDeploymentPostprocessing = 0;
		};
/* End PBXResourcesBuildPhase section */

/* Begin PBXSourcesBuildPhase section */
		D3983095171D49EE00891C09 /* Sources */ = {
			isa = PBXSourcesBuildPhase;
			buildActionMask = 2147483647;
			files = (
				D39830A9171D49EE00891C09 /* main.m in Sources */,
				D39830AD171D49EE00891C09 /* AppDelegate.m in Sources */,
				D39830BB171D4A0A00891C09 /* RootViewController.m in Sources */,
				D39830BE171D4B4F00891C09 /* MyTableViewCell.m in Sources */,
				D39830C1171D4C3000891C09 /* MyLabel.m in Sources */,
			);
			runOnlyForDeploymentPostprocessing = 0;
		};
/* End PBXSourcesBuildPhase section */

/* Begin PBXVariantGroup section */
		D39830A5171D49EE00891C09 /* InfoPlist.strings */ = {
			isa = PBXVariantGroup;
			children = (
				D39830A6171D49EE00891C09 /* en */,
			);
			name = InfoPlist.strings;
			sourceTree = "<group>";
		};
/* End PBXVariantGroup section */

/* Begin XCBuildConfiguration section */
		D39830B4171D49EE00891C09 /* Debug */ = {
			isa = XCBuildConfiguration;
			buildSettings = {
				ALWAYS_SEARCH_USER_PATHS = NO;
				CLANG_CXX_LANGUAGE_STANDARD = "gnu++0x";
				CLANG_CXX_LIBRARY = "libc++";
				CLANG_WARN_CONSTANT_CONVERSION = YES;
				CLANG_WARN_EMPTY_BODY = YES;
				CLANG_WARN_ENUM_CONVERSION = YES;
				CLANG_WARN_INT_CONVERSION = YES;
				CLANG_WARN__DUPLICATE_METHOD_MATCH = YES;
				"CODE_SIGN_IDENTITY[sdk=iphoneos*]" = "iPhone Developer";
				COPY_PHASE_STRIP = NO;
				GCC_C_LANGUAGE_STANDARD = gnu99;
				GCC_DYNAMIC_NO_PIC = NO;
				GCC_OPTIMIZATION_LEVEL = 0;
				GCC_PREPROCESSOR_DEFINITIONS = (
					"DEBUG=1",
					"$(inherited)",
				);
				GCC_SYMBOLS_PRIVATE_EXTERN = NO;
				GCC_WARN_ABOUT_RETURN_TYPE = YES;
				GCC_WARN_UNINITIALIZED_AUTOS = YES;
				GCC_WARN_UNUSED_VARIABLE = YES;
				IPHONEOS_DEPLOYMENT_TARGET = 6.1;
				ONLY_ACTIVE_ARCH = YES;
				SDKROOT = iphoneos;
			};
			name = Debug;
		};
		D39830B5171D49EE00891C09 /* Release */ = {
			isa = XCBuildConfiguration;
			buildSettings = {
				ALWAYS_SEARCH_USER_PATHS = NO;
				CLANG_CXX_LANGUAGE_STANDARD = "gnu++0x";
				CLANG_CXX_LIBRARY = "libc++";
				CLANG_WARN_CONSTANT_CONVERSION = YES;
				CLANG_WARN_EMPTY_BODY = YES;
				CLANG_WARN_ENUM_CONVERSION = YES;
				CLANG_WARN_INT_CONVERSION = YES;
				CLANG_WARN__DUPLICATE_METHOD_MATCH = YES;
				"CODE_SIGN_IDENTITY[sdk=iphoneos*]" = "iPhone Developer";
				COPY_PHASE_STRIP = YES;
				GCC_C_LANGUAGE_STANDARD = gnu99;
				GCC_WARN_ABOUT_RETURN_TYPE = YES;
				GCC_WARN_UNINITIALIZED_AUTOS = YES;
				GCC_WARN_UNUSED_VARIABLE = YES;
				IPHONEOS_DEPLOYMENT_TARGET = 6.1;
				OTHER_CFLAGS = "-DNS_BLOCK_ASSERTIONS=1";
				SDKROOT = iphoneos;
				VALIDATE_PRODUCT = YES;
			};
			name = Release;
		};
		D39830B7171D49EE00891C09 /* Debug */ = {
			isa = XCBuildConfiguration;
			buildSettings = {
				GCC_PRECOMPILE_PREFIX_HEADER = YES;
				GCC_PREFIX_HEADER = "TestCellFitHeightAuto/TestCellFitHeightAuto-Prefix.pch";
				INFOPLIST_FILE = "TestCellFitHeightAuto/TestCellFitHeightAuto-Info.plist";
				IPHONEOS_DEPLOYMENT_TARGET = 6.0;
				PRODUCT_NAME = "$(TARGET_NAME)";
				WRAPPER_EXTENSION = app;
			};
			name = Debug;
		};
		D39830B8171D49EE00891C09 /* Release */ = {
			isa = XCBuildConfiguration;
			buildSettings = {
				GCC_PRECOMPILE_PREFIX_HEADER = YES;
				GCC_PREFIX_HEADER = "TestCellFitHeightAuto/TestCellFitHeightAuto-Prefix.pch";
				INFOPLIST_FILE = "TestCellFitHeightAuto/TestCellFitHeightAuto-Info.plist";
				IPHONEOS_DEPLOYMENT_TARGET = 6.0;
				PRODUCT_NAME = "$(TARGET_NAME)";
				WRAPPER_EXTENSION = app;
			};
			name = Release;
		};
/* End XCBuildConfiguration section */

/* Begin XCConfigurationList section */
		D3983094171D49EE00891C09 /* Build configuration list for PBXProject "TestCellFitHeightAuto" */ = {
			isa = XCConfigurationList;
			buildConfigurations = (
				D39830B4171D49EE00891C09 /* Debug */,
				D39830B5171D49EE00891C09 /* Release */,
			);
			defaultConfigurationIsVisible = 0;
			defaultConfigurationName = Release;
		};
		D39830B6171D49EE00891C09 /* Build configuration list for PBXNativeTarget "TestCellFitHeightAuto" */ = {
			isa = XCConfigurationList;
			buildConfigurations = (
				D39830B7171D49EE00891C09 /* Debug */,
				D39830B8171D49EE00891C09 /* Release */,
			);
			defaultConfigurationIsVisible = 0;
			defaultConfigurationName = Release;
		};
/* End XCConfigurationList section */
	};
	rootObject = D3983091171D49EE00891C09 /* Project object */;
}
